
Microsoft Visual Studio Solution File, Format Version 12.00
# Visual Studio 2012
Project("{FAE04EC0-301F-11D3-BF4B-00C04F79EFBC}") = "Cloudmaster.WCS.WebApps.Cleaning", "Server\Cloudmaster.WCS.WebApps.Cleaning\Cloudmaster.WCS.WebApps.Cleaning.csproj", "{6A16E64E-F62A-4971-BC9B-787116C41B9A}"
EndProject
Project("{FAE04EC0-301F-11D3-BF4B-00C04F79EFBC}") = "Cloudmaster.WCS.WebApps.Cleaning.Tests", "Test\Cloudmaster.WCS.WebApps.Cleaning.Tests\Cloudmaster.WCS.WebApps.Cleaning.Tests.csproj", "{C45AAF99-E5B2-48DE-A536-E5B68F51489A}"
EndProject
Project("{FAE04EC0-301F-11D3-BF4B-00C04F79EFBC}") = "WCS.Services.DataServices", "Server\Cloudmaster.WCS.Services.DataServices\WCS.Services.DataServices.csproj", "{474BAEA0-6035-4EF7-8E1E-AB0D7DF27458}"
EndProject
Project("{FAE04EC0-301F-11D3-BF4B-00C04F79EFBC}") = "WCS.Services", "Server\Cloudmaster.WCS.Services\WCS.Services.csproj", "{91AF3F10-6DAB-4E33-ACF0-B3C1E1C6E19A}"
EndProject
Global
	GlobalSection(TeamFoundationVersionControl) = preSolution
		SccNumberOfProjects = 5
		SccEnterpriseProvider = {4CA58AB2-18FA-4F8D-95D4-32DDF27D184C}
		SccTeamFoundationServer = https://teamexplorer.tfsserver.com/cloudmaster
		SccLocalPath0 = .
		SccProjectUniqueName1 = Server\\Cloudmaster.WCS.Services.DataServices\\WCS.Services.DataServices.csproj
		SccProjectName1 = Server/Cloudmaster.WCS.Services.DataServices
		SccLocalPath1 = Server\\Cloudmaster.WCS.Services.DataServices
		SccProjectUniqueName2 = Server\\Cloudmaster.WCS.WebApps.Cleaning\\Cloudmaster.WCS.WebApps.Cleaning.csproj
		SccProjectName2 = Server/Cloudmaster.WCS.WebApps.Cleaning
		SccLocalPath2 = Server\\Cloudmaster.WCS.WebApps.Cleaning
		SccProjectUniqueName3 = Test\\Cloudmaster.WCS.WebApps.Cleaning.Tests\\Cloudmaster.WCS.WebApps.Cleaning.Tests.csproj
		SccProjectName3 = Test/Cloudmaster.WCS.WebApps.Cleaning.Tests
		SccLocalPath3 = Test\\Cloudmaster.WCS.WebApps.Cleaning.Tests
		SccProjectUniqueName4 = Server\\Cloudmaster.WCS.Services\\WCS.Services.csproj
		SccProjectName4 = Server/Cloudmaster.WCS.Services
		SccLocalPath4 = Server\\Cloudmaster.WCS.Services
	EndGlobalSection
	GlobalSection(SolutionConfigurationPlatforms) = preSolution
		Debug|Any CPU = Debug|Any CPU
		Release|Any CPU = Release|Any CPU
	EndGlobalSection
	GlobalSection(ProjectConfigurationPlatforms) = postSolution
		{6A16E64E-F62A-4971-BC9B-787116C41B9A}.Debug|Any CPU.ActiveCfg = Debug|Any CPU
		{6A16E64E-F62A-4971-BC9B-787116C41B9A}.Debug|Any CPU.Build.0 = Debug|Any CPU
		{6A16E64E-F62A-4971-BC9B-787116C41B9A}.Release|Any CPU.ActiveCfg = Release|Any CPU
		{6A16E64E-F62A-4971-BC9B-787116C41B9A}.Release|Any CPU.Build.0 = Release|Any CPU
		{C45AAF99-E5B2-48DE-A536-E5B68F51489A}.Debug|Any CPU.ActiveCfg = Debug|Any CPU
		{C45AAF99-E5B2-48DE-A536-E5B68F51489A}.Debug|Any CPU.Build.0 = Debug|Any CPU
		{C45AAF99-E5B2-48DE-A536-E5B68F51489A}.Release|Any CPU.ActiveCfg = Release|Any CPU
		{C45AAF99-E5B2-48DE-A536-E5B68F51489A}.Release|Any CPU.Build.0 = Release|Any CPU
		{474BAEA0-6035-4EF7-8E1E-AB0D7DF27458}.Debug|Any CPU.ActiveCfg = Debug|Any CPU
		{474BAEA0-6035-4EF7-8E1E-AB0D7DF27458}.Debug|Any CPU.Build.0 = Debug|Any CPU
		{474BAEA0-6035-4EF7-8E1E-AB0D7DF27458}.Release|Any CPU.ActiveCfg = Release|Any CPU
		{474BAEA0-6035-4EF7-8E1E-AB0D7DF27458}.Release|Any CPU.Build.0 = Release|Any CPU
		{91AF3F10-6DAB-4E33-ACF0-B3C1E1C6E19A}.Debug|Any CPU.ActiveCfg = Debug|Any CPU
		{91AF3F10-6DAB-4E33-ACF0-B3C1E1C6E19A}.Debug|Any CPU.Build.0 = Debug|Any CPU
		{91AF3F10-6DAB-4E33-ACF0-B3C1E1C6E19A}.Release|Any CPU.ActiveCfg = Release|Any CPU
		{91AF3F10-6DAB-4E33-ACF0-B3C1E1C6E19A}.Release|Any CPU.Build.0 = Release|Any CPU
	EndGlobalSection
	GlobalSection(SolutionProperties) = preSolution
		HideSolutionNode = FALSE
	EndGlobalSection
EndGlobal
