
Microsoft Visual Studio Solution File, Format Version 11.00
# Visual Studio 2010
Project("{FAE04EC0-301F-11D3-BF4B-00C04F79EFBC}") = "Cloudmaster.WCS.Department", "Client\Cloudmaster.WCS.Department\Cloudmaster.WCS.Department.csproj", "{652BD683-61DE-46D1-8905-18B0CADA30AE}"
EndProject
Project("{FAE04EC0-301F-11D3-BF4B-00C04F79EFBC}") = "Cloudmaster.WCS.Classes", "Client\Cloudmaster.WCS.Classes\Cloudmaster.WCS.Classes.csproj", "{CD06826B-4E40-4876-BA12-C64421BF411D}"
EndProject
Project("{FAE04EC0-301F-11D3-BF4B-00C04F79EFBC}") = "Cloudmaster.WCS.Controls", "Client\Cloudmaster.WCS.Controls\Cloudmaster.WCS.Controls.csproj", "{3C990C9F-92B6-4D68-9792-DABE0D138D45}"
EndProject
Project("{FAE04EC0-301F-11D3-BF4B-00C04F79EFBC}") = "Cloudmaster.WCS.CWorks", "Client\Cloudmaster.WCS.CWorks\Cloudmaster.WCS.CWorks.csproj", "{6A1F11D9-69C8-42DF-A477-4627B81EE65C}"
EndProject
Project("{FAE04EC0-301F-11D3-BF4B-00C04F79EFBC}") = "Cloudmaster.WCS.Department.Model", "Client\Cloudmaster.WCS.Department.Model\Cloudmaster.WCS.Department.Model.csproj", "{F28566AF-91FA-4BED-A160-779714F6A3FA}"
EndProject
Project("{FAE04EC0-301F-11D3-BF4B-00C04F79EFBC}") = "Cloudmaster.WCS.Iguana", "Client\Cloudmaster.WCS.Iguana\Cloudmaster.WCS.Iguana.csproj", "{FE66CAA2-FFD5-4E02-AB84-2D70003394F0}"
EndProject
Project("{FAE04EC0-301F-11D3-BF4B-00C04F79EFBC}") = "Cloudmaster.WCS.IO", "Client\Cloudmaster.WCS.IO\Cloudmaster.WCS.IO.csproj", "{70CD0626-6F03-46AA-BF32-83CEFBEEEC4C}"
EndProject
Project("{FAE04EC0-301F-11D3-BF4B-00C04F79EFBC}") = "Cloudmaster.WCS.Model", "Client\Cloudmaster.WCS.Model\Cloudmaster.WCS.Model.csproj", "{661F6D20-5F07-4553-827D-7BCA63145042}"
EndProject
Project("{FAE04EC0-301F-11D3-BF4B-00C04F79EFBC}") = "Cloudmaster.WCS.Office", "Client\Cloudmaster.WCS.Office\Cloudmaster.WCS.Office.csproj", "{0348BC0E-9697-4373-AE16-CAFA2ABD8775}"
EndProject
Project("{FAE04EC0-301F-11D3-BF4B-00C04F79EFBC}") = "Cloudmaster.WCS.Packaging", "Client\Cloudmaster.WCS.Packaging\Cloudmaster.WCS.Packaging.csproj", "{538A725A-86CA-4DFA-A4E8-A2B136BD0E4E}"
EndProject
Project("{FAE04EC0-301F-11D3-BF4B-00C04F79EFBC}") = "Cloudmaster.WCS.Processing", "Client\Cloudmaster.WCS.Processing\Cloudmaster.WCS.Processing.csproj", "{B00DC8ED-9769-4C28-B9F1-CE3681E6AA91}"
EndProject
Project("{FAE04EC0-301F-11D3-BF4B-00C04F79EFBC}") = "Cloudmaster.WCS.Webcam", "Client\Cloudmaster.WCS.Webcam\Cloudmaster.WCS.Webcam.csproj", "{2052AEE0-6955-47F6-878D-C024B38180A9}"
EndProject
Project("{2150E333-8FDC-42A3-9474-1A3956D46DE8}") = "Client", "Client", "{072A34BB-CBB5-475B-A51F-3444FE8A090D}"
EndProject
Project("{2150E333-8FDC-42A3-9474-1A3956D46DE8}") = "Setup", "Setup", "{5F95C9F5-3D3E-4B51-9EEC-FAE0B2B2A11E}"
EndProject
Project("{54435603-DBB4-11D2-8724-00A0C9A8B90C}") = "Cloudmaster.Installer.Department", "Setup\Cloudmaster.Installer.Department\Cloudmaster.Installer.Department.vdproj", "{7C68EF5B-5CF2-4669-8CB0-9CF52C5A2E9A}"
EndProject
Project("{2150E333-8FDC-42A3-9474-1A3956D46DE8}") = "Server", "Server", "{4EDCC325-AF5F-4E3E-993B-4C10A87F096C}"
EndProject
Project("{FAE04EC0-301F-11D3-BF4B-00C04F79EFBC}") = "Cloudmaster.WCS.Ward", "Client\Cloudmaster.WCS.Ward\Cloudmaster.WCS.Ward.csproj", "{3791A38D-52EB-4F00-B9C9-CE07D996765D}"
EndProject
Project("{FAE04EC0-301F-11D3-BF4B-00C04F79EFBC}") = "Cloudmaster.WCS.Ward.Model", "Client\Cloudmaster.WCS.Ward.Model\Cloudmaster.WCS.Ward.Model.csproj", "{162C875C-E515-44D5-B9B5-8D9999079376}"
EndProject
Project("{FAE04EC0-301F-11D3-BF4B-00C04F79EFBC}") = "Cloudmaster.WCS.Ward.Processing", "Client\Cloudmaster.WCS.Ward.Processing\Cloudmaster.WCS.Ward.Processing.csproj", "{30033311-588E-467E-8B0E-80A3E1E82D05}"
EndProject
Project("{54435603-DBB4-11D2-8724-00A0C9A8B90C}") = "Cloudmaster.Installer.Ward", "Setup\Cloudmaster.Installer.Ward\Cloudmaster.Installer.Ward.vdproj", "{625C4199-40D7-416E-9E55-485CE13F1821}"
EndProject
Project("{FAE04EC0-301F-11D3-BF4B-00C04F79EFBC}") = "Cloudmaster.WCS.AdminConsole", "Client\Cloudmaster.WCS.AdminConsole\Cloudmaster.WCS.AdminConsole.csproj", "{AFCFF38B-0077-43DD-AC90-5202042CA53D}"
EndProject
Project("{2150E333-8FDC-42A3-9474-1A3956D46DE8}") = "Test", "Test", "{1664CB79-DB3E-42DE-9066-FB63F1627D31}"
EndProject
Project("{FAE04EC0-301F-11D3-BF4B-00C04F79EFBC}") = "Cloudmaster.WCS.AdminConsole.Tests", "Test\Cloudmaster.WCS.AdminConsole.Tests\Cloudmaster.WCS.AdminConsole.Tests.csproj", "{A8ACEAA3-7364-4588-9FA1-EC1260562186}"
EndProject
Project("{FAE04EC0-301F-11D3-BF4B-00C04F79EFBC}") = "WCS.Services", "Server\Cloudmaster.WCS.Services\WCS.Services.csproj", "{91AF3F10-6DAB-4E33-ACF0-B3C1E1C6E19A}"
EndProject
Project("{FAE04EC0-301F-11D3-BF4B-00C04F79EFBC}") = "WCS.Services.DataServices", "Server\Cloudmaster.WCS.Services.DataServices\WCS.Services.DataServices.csproj", "{474BAEA0-6035-4EF7-8E1E-AB0D7DF27458}"
EndProject
Project("{FAE04EC0-301F-11D3-BF4B-00C04F79EFBC}") = "WCS.Services.IPeople", "Server\WCS.Services.IPeople\WCS.Services.IPeople.csproj", "{58E7249C-BA47-47EA-A5F0-63E5EB249F4A}"
EndProject
Project("{FAE04EC0-301F-11D3-BF4B-00C04F79EFBC}") = "WCS.Services.IPeople.Console", "Server\WCS.Services.IPeople.Console\WCS.Services.IPeople.Console.csproj", "{1FAA5F66-CEEA-4F5F-A7F4-7A1491C58B18}"
EndProject
Global
	GlobalSection(TeamFoundationVersionControl) = preSolution
		SccNumberOfProjects = 23
		SccEnterpriseProvider = {4CA58AB2-18FA-4F8D-95D4-32DDF27D184C}
		SccTeamFoundationServer = https://teamexplorer.tfsserver.com/cloudmaster
		SccLocalPath0 = .
		SccProjectUniqueName1 = Client\\Cloudmaster.WCS.Classes\\Cloudmaster.WCS.Classes.csproj
		SccProjectTopLevelParentUniqueName1 = WCS.sln
		SccProjectName1 = Client/Cloudmaster.WCS.Classes
		SccLocalPath1 = Client\\Cloudmaster.WCS.Classes
		SccProjectUniqueName2 = Client\\Cloudmaster.WCS.Controls\\Cloudmaster.WCS.Controls.csproj
		SccProjectTopLevelParentUniqueName2 = WCS.sln
		SccProjectName2 = Client/Cloudmaster.WCS.Controls
		SccLocalPath2 = Client\\Cloudmaster.WCS.Controls
		SccProjectUniqueName3 = Client\\Cloudmaster.WCS.CWorks\\Cloudmaster.WCS.CWorks.csproj
		SccProjectTopLevelParentUniqueName3 = WCS.sln
		SccProjectName3 = Client/Cloudmaster.WCS.CWorks
		SccLocalPath3 = Client\\Cloudmaster.WCS.CWorks
		SccProjectUniqueName4 = Client\\Cloudmaster.WCS.Department.Model\\Cloudmaster.WCS.Department.Model.csproj
		SccProjectTopLevelParentUniqueName4 = WCS.sln
		SccProjectName4 = Client/Cloudmaster.WCS.Department.Model
		SccLocalPath4 = Client\\Cloudmaster.WCS.Department.Model
		SccProjectUniqueName5 = Client\\Cloudmaster.WCS.Iguana\\Cloudmaster.WCS.Iguana.csproj
		SccProjectTopLevelParentUniqueName5 = WCS.sln
		SccProjectName5 = Client/Cloudmaster.WCS.Iguana
		SccLocalPath5 = Client\\Cloudmaster.WCS.Iguana
		SccProjectUniqueName6 = Client\\Cloudmaster.WCS.IO\\Cloudmaster.WCS.IO.csproj
		SccProjectTopLevelParentUniqueName6 = WCS.sln
		SccProjectName6 = Client/Cloudmaster.WCS.IO
		SccLocalPath6 = Client\\Cloudmaster.WCS.IO
		SccProjectUniqueName7 = Client\\Cloudmaster.WCS.Model\\Cloudmaster.WCS.Model.csproj
		SccProjectTopLevelParentUniqueName7 = WCS.sln
		SccProjectName7 = Client/Cloudmaster.WCS.Model
		SccLocalPath7 = Client\\Cloudmaster.WCS.Model
		SccProjectUniqueName8 = Client\\Cloudmaster.WCS.Office\\Cloudmaster.WCS.Office.csproj
		SccProjectTopLevelParentUniqueName8 = WCS.sln
		SccProjectName8 = Client/Cloudmaster.WCS.Office
		SccLocalPath8 = Client\\Cloudmaster.WCS.Office
		SccProjectUniqueName9 = Client\\Cloudmaster.WCS.Packaging\\Cloudmaster.WCS.Packaging.csproj
		SccProjectTopLevelParentUniqueName9 = WCS.sln
		SccProjectName9 = Client/Cloudmaster.WCS.Packaging
		SccLocalPath9 = Client\\Cloudmaster.WCS.Packaging
		SccProjectUniqueName10 = Client\\Cloudmaster.WCS.Processing\\Cloudmaster.WCS.Processing.csproj
		SccProjectTopLevelParentUniqueName10 = WCS.sln
		SccProjectName10 = Client/Cloudmaster.WCS.Processing
		SccLocalPath10 = Client\\Cloudmaster.WCS.Processing
		SccProjectUniqueName11 = Client\\Cloudmaster.WCS.Ward.Model\\Cloudmaster.WCS.Ward.Model.csproj
		SccProjectTopLevelParentUniqueName11 = WCS.sln
		SccProjectName11 = Client/Cloudmaster.WCS.Ward.Model
		SccLocalPath11 = Client\\Cloudmaster.WCS.Ward.Model
		SccProjectUniqueName12 = Client\\Cloudmaster.WCS.Ward.Processing\\Cloudmaster.WCS.Ward.Processing.csproj
		SccProjectTopLevelParentUniqueName12 = WCS.sln
		SccProjectName12 = Client/Cloudmaster.WCS.Ward.Processing
		SccLocalPath12 = Client\\Cloudmaster.WCS.Ward.Processing
		SccProjectUniqueName13 = Client\\Cloudmaster.WCS.Ward\\Cloudmaster.WCS.Ward.csproj
		SccProjectTopLevelParentUniqueName13 = WCS.sln
		SccProjectName13 = Client/Cloudmaster.WCS.Ward
		SccLocalPath13 = Client\\Cloudmaster.WCS.Ward
		SccProjectUniqueName14 = Client\\Cloudmaster.WCS.Webcam\\Cloudmaster.WCS.Webcam.csproj
		SccProjectTopLevelParentUniqueName14 = WCS.sln
		SccProjectName14 = Client/Cloudmaster.WCS.Webcam
		SccLocalPath14 = Client\\Cloudmaster.WCS.Webcam
		SccProjectUniqueName15 = Setup\\Cloudmaster.Installer.Department\\Cloudmaster.Installer.Department.vdproj
		SccProjectTopLevelParentUniqueName15 = WCS.sln
		SccProjectName15 = Setup/Cloudmaster.Installer.Department
		SccLocalPath15 = Setup\\Cloudmaster.Installer.Department
		SccProjectUniqueName16 = Setup\\Cloudmaster.Installer.Ward\\Cloudmaster.Installer.Ward.vdproj
		SccProjectTopLevelParentUniqueName16 = WCS.sln
		SccProjectName16 = Setup/Cloudmaster.Installer.Ward
		SccLocalPath16 = Setup\\Cloudmaster.Installer.Ward
		SccProjectUniqueName17 = Client\\Cloudmaster.WCS.AdminConsole\\Cloudmaster.WCS.AdminConsole.csproj
		SccProjectTopLevelParentUniqueName17 = WCS.sln
		SccProjectName17 = Client/Cloudmaster.WCS.AdminConsole
		SccLocalPath17 = Client\\Cloudmaster.WCS.AdminConsole
		SccProjectUniqueName18 = Test\\Cloudmaster.WCS.AdminConsole.Tests\\Cloudmaster.WCS.AdminConsole.Tests.csproj
		SccProjectTopLevelParentUniqueName18 = WCS.sln
		SccProjectName18 = Test/Cloudmaster.WCS.AdminConsole.Tests
		SccLocalPath18 = Test\\Cloudmaster.WCS.AdminConsole.Tests
		SccProjectUniqueName19 = Server\\Cloudmaster.WCS.Services\\WCS.Services.csproj
		SccProjectTopLevelParentUniqueName19 = WCS.sln
		SccProjectName19 = Server/Cloudmaster.WCS.Services
		SccLocalPath19 = Server\\Cloudmaster.WCS.Services
		SccProjectUniqueName20 = Server\\Cloudmaster.WCS.Services.DataServices\\WCS.Services.DataServices.csproj
		SccProjectTopLevelParentUniqueName20 = WCS.sln
		SccProjectName20 = Server/Cloudmaster.WCS.Services.DataServices
		SccLocalPath20 = Server\\Cloudmaster.WCS.Services.DataServices
		SccProjectUniqueName21 = Server\\WCS.Services.IPeople\\WCS.Services.IPeople.csproj
		SccProjectTopLevelParentUniqueName21 = WCS.sln
		SccProjectName21 = Server/WCS.Services.IPeople
		SccLocalPath21 = Server\\WCS.Services.IPeople
		SccProjectUniqueName22 = Server\\WCS.Services.IPeople.Console\\WCS.Services.IPeople.Console.csproj
		SccProjectTopLevelParentUniqueName22 = WCS.sln
		SccProjectName22 = Server/WCS.Services.IPeople.Console
		SccLocalPath22 = Server\\WCS.Services.IPeople.Console
	EndGlobalSection
	GlobalSection(SolutionConfigurationPlatforms) = preSolution
		Debug|Any CPU = Debug|Any CPU
		Debug|Mixed Platforms = Debug|Mixed Platforms
		Debug|x86 = Debug|x86
		Release|Any CPU = Release|Any CPU
		Release|Mixed Platforms = Release|Mixed Platforms
		Release|x86 = Release|x86
	EndGlobalSection
	GlobalSection(ProjectConfigurationPlatforms) = postSolution
		{652BD683-61DE-46D1-8905-18B0CADA30AE}.Debug|Any CPU.ActiveCfg = Debug|x86
		{652BD683-61DE-46D1-8905-18B0CADA30AE}.Debug|Mixed Platforms.ActiveCfg = Debug|x86
		{652BD683-61DE-46D1-8905-18B0CADA30AE}.Debug|Mixed Platforms.Build.0 = Debug|x86
		{652BD683-61DE-46D1-8905-18B0CADA30AE}.Debug|x86.ActiveCfg = Debug|x86
		{652BD683-61DE-46D1-8905-18B0CADA30AE}.Debug|x86.Build.0 = Debug|x86
		{652BD683-61DE-46D1-8905-18B0CADA30AE}.Release|Any CPU.ActiveCfg = Release|x86
		{652BD683-61DE-46D1-8905-18B0CADA30AE}.Release|Mixed Platforms.ActiveCfg = Release|x86
		{652BD683-61DE-46D1-8905-18B0CADA30AE}.Release|Mixed Platforms.Build.0 = Release|x86
		{652BD683-61DE-46D1-8905-18B0CADA30AE}.Release|x86.ActiveCfg = Release|x86
		{652BD683-61DE-46D1-8905-18B0CADA30AE}.Release|x86.Build.0 = Release|x86
		{CD06826B-4E40-4876-BA12-C64421BF411D}.Debug|Any CPU.ActiveCfg = Debug|Any CPU
		{CD06826B-4E40-4876-BA12-C64421BF411D}.Debug|Any CPU.Build.0 = Debug|Any CPU
		{CD06826B-4E40-4876-BA12-C64421BF411D}.Debug|Mixed Platforms.ActiveCfg = Debug|Any CPU
		{CD06826B-4E40-4876-BA12-C64421BF411D}.Debug|Mixed Platforms.Build.0 = Debug|Any CPU
		{CD06826B-4E40-4876-BA12-C64421BF411D}.Debug|x86.ActiveCfg = Debug|Any CPU
		{CD06826B-4E40-4876-BA12-C64421BF411D}.Release|Any CPU.ActiveCfg = Release|Any CPU
		{CD06826B-4E40-4876-BA12-C64421BF411D}.Release|Any CPU.Build.0 = Release|Any CPU
		{CD06826B-4E40-4876-BA12-C64421BF411D}.Release|Mixed Platforms.ActiveCfg = Release|Any CPU
		{CD06826B-4E40-4876-BA12-C64421BF411D}.Release|Mixed Platforms.Build.0 = Release|Any CPU
		{CD06826B-4E40-4876-BA12-C64421BF411D}.Release|x86.ActiveCfg = Release|Any CPU
		{3C990C9F-92B6-4D68-9792-DABE0D138D45}.Debug|Any CPU.ActiveCfg = Debug|Any CPU
		{3C990C9F-92B6-4D68-9792-DABE0D138D45}.Debug|Any CPU.Build.0 = Debug|Any CPU
		{3C990C9F-92B6-4D68-9792-DABE0D138D45}.Debug|Mixed Platforms.ActiveCfg = Debug|Any CPU
		{3C990C9F-92B6-4D68-9792-DABE0D138D45}.Debug|Mixed Platforms.Build.0 = Debug|Any CPU
		{3C990C9F-92B6-4D68-9792-DABE0D138D45}.Debug|x86.ActiveCfg = Debug|Any CPU
		{3C990C9F-92B6-4D68-9792-DABE0D138D45}.Release|Any CPU.ActiveCfg = Release|Any CPU
		{3C990C9F-92B6-4D68-9792-DABE0D138D45}.Release|Any CPU.Build.0 = Release|Any CPU
		{3C990C9F-92B6-4D68-9792-DABE0D138D45}.Release|Mixed Platforms.ActiveCfg = Release|Any CPU
		{3C990C9F-92B6-4D68-9792-DABE0D138D45}.Release|Mixed Platforms.Build.0 = Release|Any CPU
		{3C990C9F-92B6-4D68-9792-DABE0D138D45}.Release|x86.ActiveCfg = Release|Any CPU
		{6A1F11D9-69C8-42DF-A477-4627B81EE65C}.Debug|Any CPU.ActiveCfg = Debug|Any CPU
		{6A1F11D9-69C8-42DF-A477-4627B81EE65C}.Debug|Any CPU.Build.0 = Debug|Any CPU
		{6A1F11D9-69C8-42DF-A477-4627B81EE65C}.Debug|Mixed Platforms.ActiveCfg = Debug|Any CPU
		{6A1F11D9-69C8-42DF-A477-4627B81EE65C}.Debug|Mixed Platforms.Build.0 = Debug|Any CPU
		{6A1F11D9-69C8-42DF-A477-4627B81EE65C}.Debug|x86.ActiveCfg = Debug|Any CPU
		{6A1F11D9-69C8-42DF-A477-4627B81EE65C}.Release|Any CPU.ActiveCfg = Release|Any CPU
		{6A1F11D9-69C8-42DF-A477-4627B81EE65C}.Release|Any CPU.Build.0 = Release|Any CPU
		{6A1F11D9-69C8-42DF-A477-4627B81EE65C}.Release|Mixed Platforms.ActiveCfg = Release|Any CPU
		{6A1F11D9-69C8-42DF-A477-4627B81EE65C}.Release|Mixed Platforms.Build.0 = Release|Any CPU
		{6A1F11D9-69C8-42DF-A477-4627B81EE65C}.Release|x86.ActiveCfg = Release|Any CPU
		{F28566AF-91FA-4BED-A160-779714F6A3FA}.Debug|Any CPU.ActiveCfg = Debug|Any CPU
		{F28566AF-91FA-4BED-A160-779714F6A3FA}.Debug|Any CPU.Build.0 = Debug|Any CPU
		{F28566AF-91FA-4BED-A160-779714F6A3FA}.Debug|Mixed Platforms.ActiveCfg = Debug|Any CPU
		{F28566AF-91FA-4BED-A160-779714F6A3FA}.Debug|Mixed Platforms.Build.0 = Debug|Any CPU
		{F28566AF-91FA-4BED-A160-779714F6A3FA}.Debug|x86.ActiveCfg = Debug|Any CPU
		{F28566AF-91FA-4BED-A160-779714F6A3FA}.Release|Any CPU.ActiveCfg = Release|Any CPU
		{F28566AF-91FA-4BED-A160-779714F6A3FA}.Release|Any CPU.Build.0 = Release|Any CPU
		{F28566AF-91FA-4BED-A160-779714F6A3FA}.Release|Mixed Platforms.ActiveCfg = Release|Any CPU
		{F28566AF-91FA-4BED-A160-779714F6A3FA}.Release|Mixed Platforms.Build.0 = Release|Any CPU
		{F28566AF-91FA-4BED-A160-779714F6A3FA}.Release|x86.ActiveCfg = Release|Any CPU
		{FE66CAA2-FFD5-4E02-AB84-2D70003394F0}.Debug|Any CPU.ActiveCfg = Debug|Any CPU
		{FE66CAA2-FFD5-4E02-AB84-2D70003394F0}.Debug|Any CPU.Build.0 = Debug|Any CPU
		{FE66CAA2-FFD5-4E02-AB84-2D70003394F0}.Debug|Mixed Platforms.ActiveCfg = Debug|Any CPU
		{FE66CAA2-FFD5-4E02-AB84-2D70003394F0}.Debug|Mixed Platforms.Build.0 = Debug|Any CPU
		{FE66CAA2-FFD5-4E02-AB84-2D70003394F0}.Debug|x86.ActiveCfg = Debug|Any CPU
		{FE66CAA2-FFD5-4E02-AB84-2D70003394F0}.Release|Any CPU.ActiveCfg = Release|Any CPU
		{FE66CAA2-FFD5-4E02-AB84-2D70003394F0}.Release|Any CPU.Build.0 = Release|Any CPU
		{FE66CAA2-FFD5-4E02-AB84-2D70003394F0}.Release|Mixed Platforms.ActiveCfg = Release|Any CPU
		{FE66CAA2-FFD5-4E02-AB84-2D70003394F0}.Release|Mixed Platforms.Build.0 = Release|Any CPU
		{FE66CAA2-FFD5-4E02-AB84-2D70003394F0}.Release|x86.ActiveCfg = Release|Any CPU
		{70CD0626-6F03-46AA-BF32-83CEFBEEEC4C}.Debug|Any CPU.ActiveCfg = Debug|Any CPU
		{70CD0626-6F03-46AA-BF32-83CEFBEEEC4C}.Debug|Any CPU.Build.0 = Debug|Any CPU
		{70CD0626-6F03-46AA-BF32-83CEFBEEEC4C}.Debug|Mixed Platforms.ActiveCfg = Debug|Any CPU
		{70CD0626-6F03-46AA-BF32-83CEFBEEEC4C}.Debug|Mixed Platforms.Build.0 = Debug|Any CPU
		{70CD0626-6F03-46AA-BF32-83CEFBEEEC4C}.Debug|x86.ActiveCfg = Debug|Any CPU
		{70CD0626-6F03-46AA-BF32-83CEFBEEEC4C}.Release|Any CPU.ActiveCfg = Release|Any CPU
		{70CD0626-6F03-46AA-BF32-83CEFBEEEC4C}.Release|Any CPU.Build.0 = Release|Any CPU
		{70CD0626-6F03-46AA-BF32-83CEFBEEEC4C}.Release|Mixed Platforms.ActiveCfg = Release|Any CPU
		{70CD0626-6F03-46AA-BF32-83CEFBEEEC4C}.Release|Mixed Platforms.Build.0 = Release|Any CPU
		{70CD0626-6F03-46AA-BF32-83CEFBEEEC4C}.Release|x86.ActiveCfg = Release|Any CPU
		{661F6D20-5F07-4553-827D-7BCA63145042}.Debug|Any CPU.ActiveCfg = Debug|Any CPU
		{661F6D20-5F07-4553-827D-7BCA63145042}.Debug|Any CPU.Build.0 = Debug|Any CPU
		{661F6D20-5F07-4553-827D-7BCA63145042}.Debug|Mixed Platforms.ActiveCfg = Debug|Any CPU
		{661F6D20-5F07-4553-827D-7BCA63145042}.Debug|Mixed Platforms.Build.0 = Debug|Any CPU
		{661F6D20-5F07-4553-827D-7BCA63145042}.Debug|x86.ActiveCfg = Debug|Any CPU
		{661F6D20-5F07-4553-827D-7BCA63145042}.Release|Any CPU.ActiveCfg = Release|Any CPU
		{661F6D20-5F07-4553-827D-7BCA63145042}.Release|Any CPU.Build.0 = Release|Any CPU
		{661F6D20-5F07-4553-827D-7BCA63145042}.Release|Mixed Platforms.ActiveCfg = Release|Any CPU
		{661F6D20-5F07-4553-827D-7BCA63145042}.Release|Mixed Platforms.Build.0 = Release|Any CPU
		{661F6D20-5F07-4553-827D-7BCA63145042}.Release|x86.ActiveCfg = Release|Any CPU
		{0348BC0E-9697-4373-AE16-CAFA2ABD8775}.Debug|Any CPU.ActiveCfg = Debug|Any CPU
		{0348BC0E-9697-4373-AE16-CAFA2ABD8775}.Debug|Any CPU.Build.0 = Debug|Any CPU
		{0348BC0E-9697-4373-AE16-CAFA2ABD8775}.Debug|Mixed Platforms.ActiveCfg = Debug|Any CPU
		{0348BC0E-9697-4373-AE16-CAFA2ABD8775}.Debug|Mixed Platforms.Build.0 = Debug|Any CPU
		{0348BC0E-9697-4373-AE16-CAFA2ABD8775}.Debug|x86.ActiveCfg = Debug|Any CPU
		{0348BC0E-9697-4373-AE16-CAFA2ABD8775}.Release|Any CPU.ActiveCfg = Release|Any CPU
		{0348BC0E-9697-4373-AE16-CAFA2ABD8775}.Release|Any CPU.Build.0 = Release|Any CPU
		{0348BC0E-9697-4373-AE16-CAFA2ABD8775}.Release|Mixed Platforms.ActiveCfg = Release|Any CPU
		{0348BC0E-9697-4373-AE16-CAFA2ABD8775}.Release|Mixed Platforms.Build.0 = Release|Any CPU
		{0348BC0E-9697-4373-AE16-CAFA2ABD8775}.Release|x86.ActiveCfg = Release|Any CPU
		{538A725A-86CA-4DFA-A4E8-A2B136BD0E4E}.Debug|Any CPU.ActiveCfg = Debug|Any CPU
		{538A725A-86CA-4DFA-A4E8-A2B136BD0E4E}.Debug|Any CPU.Build.0 = Debug|Any CPU
		{538A725A-86CA-4DFA-A4E8-A2B136BD0E4E}.Debug|Mixed Platforms.ActiveCfg = Debug|Any CPU
		{538A725A-86CA-4DFA-A4E8-A2B136BD0E4E}.Debug|Mixed Platforms.Build.0 = Debug|Any CPU
		{538A725A-86CA-4DFA-A4E8-A2B136BD0E4E}.Debug|x86.ActiveCfg = Debug|Any CPU
		{538A725A-86CA-4DFA-A4E8-A2B136BD0E4E}.Release|Any CPU.ActiveCfg = Release|Any CPU
		{538A725A-86CA-4DFA-A4E8-A2B136BD0E4E}.Release|Any CPU.Build.0 = Release|Any CPU
		{538A725A-86CA-4DFA-A4E8-A2B136BD0E4E}.Release|Mixed Platforms.ActiveCfg = Release|Any CPU
		{538A725A-86CA-4DFA-A4E8-A2B136BD0E4E}.Release|Mixed Platforms.Build.0 = Release|Any CPU
		{538A725A-86CA-4DFA-A4E8-A2B136BD0E4E}.Release|x86.ActiveCfg = Release|Any CPU
		{B00DC8ED-9769-4C28-B9F1-CE3681E6AA91}.Debug|Any CPU.ActiveCfg = Debug|Any CPU
		{B00DC8ED-9769-4C28-B9F1-CE3681E6AA91}.Debug|Any CPU.Build.0 = Debug|Any CPU
		{B00DC8ED-9769-4C28-B9F1-CE3681E6AA91}.Debug|Mixed Platforms.ActiveCfg = Debug|Any CPU
		{B00DC8ED-9769-4C28-B9F1-CE3681E6AA91}.Debug|Mixed Platforms.Build.0 = Debug|Any CPU
		{B00DC8ED-9769-4C28-B9F1-CE3681E6AA91}.Debug|x86.ActiveCfg = Debug|Any CPU
		{B00DC8ED-9769-4C28-B9F1-CE3681E6AA91}.Release|Any CPU.ActiveCfg = Release|Any CPU
		{B00DC8ED-9769-4C28-B9F1-CE3681E6AA91}.Release|Any CPU.Build.0 = Release|Any CPU
		{B00DC8ED-9769-4C28-B9F1-CE3681E6AA91}.Release|Mixed Platforms.ActiveCfg = Release|Any CPU
		{B00DC8ED-9769-4C28-B9F1-CE3681E6AA91}.Release|Mixed Platforms.Build.0 = Release|Any CPU
		{B00DC8ED-9769-4C28-B9F1-CE3681E6AA91}.Release|x86.ActiveCfg = Release|Any CPU
		{2052AEE0-6955-47F6-878D-C024B38180A9}.Debug|Any CPU.ActiveCfg = Debug|Any CPU
		{2052AEE0-6955-47F6-878D-C024B38180A9}.Debug|Any CPU.Build.0 = Debug|Any CPU
		{2052AEE0-6955-47F6-878D-C024B38180A9}.Debug|Mixed Platforms.ActiveCfg = Debug|Any CPU
		{2052AEE0-6955-47F6-878D-C024B38180A9}.Debug|Mixed Platforms.Build.0 = Debug|Any CPU
		{2052AEE0-6955-47F6-878D-C024B38180A9}.Debug|x86.ActiveCfg = Debug|Any CPU
		{2052AEE0-6955-47F6-878D-C024B38180A9}.Release|Any CPU.ActiveCfg = Release|Any CPU
		{2052AEE0-6955-47F6-878D-C024B38180A9}.Release|Any CPU.Build.0 = Release|Any CPU
		{2052AEE0-6955-47F6-878D-C024B38180A9}.Release|Mixed Platforms.ActiveCfg = Release|Any CPU
		{2052AEE0-6955-47F6-878D-C024B38180A9}.Release|Mixed Platforms.Build.0 = Release|Any CPU
		{2052AEE0-6955-47F6-878D-C024B38180A9}.Release|x86.ActiveCfg = Release|Any CPU
		{7C68EF5B-5CF2-4669-8CB0-9CF52C5A2E9A}.Debug|Any CPU.ActiveCfg = Debug
		{7C68EF5B-5CF2-4669-8CB0-9CF52C5A2E9A}.Debug|Any CPU.Build.0 = Debug
		{7C68EF5B-5CF2-4669-8CB0-9CF52C5A2E9A}.Debug|Mixed Platforms.ActiveCfg = Debug
		{7C68EF5B-5CF2-4669-8CB0-9CF52C5A2E9A}.Debug|Mixed Platforms.Build.0 = Debug
		{7C68EF5B-5CF2-4669-8CB0-9CF52C5A2E9A}.Debug|x86.ActiveCfg = Debug
		{7C68EF5B-5CF2-4669-8CB0-9CF52C5A2E9A}.Debug|x86.Build.0 = Debug
		{7C68EF5B-5CF2-4669-8CB0-9CF52C5A2E9A}.Release|Any CPU.ActiveCfg = Release
		{7C68EF5B-5CF2-4669-8CB0-9CF52C5A2E9A}.Release|Any CPU.Build.0 = Release
		{7C68EF5B-5CF2-4669-8CB0-9CF52C5A2E9A}.Release|Mixed Platforms.ActiveCfg = Release
		{7C68EF5B-5CF2-4669-8CB0-9CF52C5A2E9A}.Release|Mixed Platforms.Build.0 = Release
		{7C68EF5B-5CF2-4669-8CB0-9CF52C5A2E9A}.Release|x86.ActiveCfg = Release
		{7C68EF5B-5CF2-4669-8CB0-9CF52C5A2E9A}.Release|x86.Build.0 = Release
		{3791A38D-52EB-4F00-B9C9-CE07D996765D}.Debug|Any CPU.ActiveCfg = Debug|x86
		{3791A38D-52EB-4F00-B9C9-CE07D996765D}.Debug|Mixed Platforms.ActiveCfg = Debug|x86
		{3791A38D-52EB-4F00-B9C9-CE07D996765D}.Debug|Mixed Platforms.Build.0 = Debug|x86
		{3791A38D-52EB-4F00-B9C9-CE07D996765D}.Debug|x86.ActiveCfg = Debug|x86
		{3791A38D-52EB-4F00-B9C9-CE07D996765D}.Debug|x86.Build.0 = Debug|x86
		{3791A38D-52EB-4F00-B9C9-CE07D996765D}.Release|Any CPU.ActiveCfg = Release|x86
		{3791A38D-52EB-4F00-B9C9-CE07D996765D}.Release|Mixed Platforms.ActiveCfg = Release|x86
		{3791A38D-52EB-4F00-B9C9-CE07D996765D}.Release|Mixed Platforms.Build.0 = Release|x86
		{3791A38D-52EB-4F00-B9C9-CE07D996765D}.Release|x86.ActiveCfg = Release|x86
		{3791A38D-52EB-4F00-B9C9-CE07D996765D}.Release|x86.Build.0 = Release|x86
		{162C875C-E515-44D5-B9B5-8D9999079376}.Debug|Any CPU.ActiveCfg = Debug|Any CPU
		{162C875C-E515-44D5-B9B5-8D9999079376}.Debug|Any CPU.Build.0 = Debug|Any CPU
		{162C875C-E515-44D5-B9B5-8D9999079376}.Debug|Mixed Platforms.ActiveCfg = Debug|Any CPU
		{162C875C-E515-44D5-B9B5-8D9999079376}.Debug|Mixed Platforms.Build.0 = Debug|Any CPU
		{162C875C-E515-44D5-B9B5-8D9999079376}.Debug|x86.ActiveCfg = Debug|Any CPU
		{162C875C-E515-44D5-B9B5-8D9999079376}.Release|Any CPU.ActiveCfg = Release|Any CPU
		{162C875C-E515-44D5-B9B5-8D9999079376}.Release|Any CPU.Build.0 = Release|Any CPU
		{162C875C-E515-44D5-B9B5-8D9999079376}.Release|Mixed Platforms.ActiveCfg = Release|Any CPU
		{162C875C-E515-44D5-B9B5-8D9999079376}.Release|Mixed Platforms.Build.0 = Release|Any CPU
		{162C875C-E515-44D5-B9B5-8D9999079376}.Release|x86.ActiveCfg = Release|Any CPU
		{30033311-588E-467E-8B0E-80A3E1E82D05}.Debug|Any CPU.ActiveCfg = Debug|Any CPU
		{30033311-588E-467E-8B0E-80A3E1E82D05}.Debug|Any CPU.Build.0 = Debug|Any CPU
		{30033311-588E-467E-8B0E-80A3E1E82D05}.Debug|Mixed Platforms.ActiveCfg = Debug|Any CPU
		{30033311-588E-467E-8B0E-80A3E1E82D05}.Debug|Mixed Platforms.Build.0 = Debug|Any CPU
		{30033311-588E-467E-8B0E-80A3E1E82D05}.Debug|x86.ActiveCfg = Debug|Any CPU
		{30033311-588E-467E-8B0E-80A3E1E82D05}.Release|Any CPU.ActiveCfg = Release|Any CPU
		{30033311-588E-467E-8B0E-80A3E1E82D05}.Release|Any CPU.Build.0 = Release|Any CPU
		{30033311-588E-467E-8B0E-80A3E1E82D05}.Release|Mixed Platforms.ActiveCfg = Release|Any CPU
		{30033311-588E-467E-8B0E-80A3E1E82D05}.Release|Mixed Platforms.Build.0 = Release|Any CPU
		{30033311-588E-467E-8B0E-80A3E1E82D05}.Release|x86.ActiveCfg = Release|Any CPU
		{625C4199-40D7-416E-9E55-485CE13F1821}.Debug|Any CPU.ActiveCfg = Debug
		{625C4199-40D7-416E-9E55-485CE13F1821}.Debug|Any CPU.Build.0 = Debug
		{625C4199-40D7-416E-9E55-485CE13F1821}.Debug|Mixed Platforms.ActiveCfg = Debug
		{625C4199-40D7-416E-9E55-485CE13F1821}.Debug|Mixed Platforms.Build.0 = Debug
		{625C4199-40D7-416E-9E55-485CE13F1821}.Debug|x86.ActiveCfg = Debug
		{625C4199-40D7-416E-9E55-485CE13F1821}.Debug|x86.Build.0 = Debug
		{625C4199-40D7-416E-9E55-485CE13F1821}.Release|Any CPU.ActiveCfg = Release
		{625C4199-40D7-416E-9E55-485CE13F1821}.Release|Any CPU.Build.0 = Release
		{625C4199-40D7-416E-9E55-485CE13F1821}.Release|Mixed Platforms.ActiveCfg = Release
		{625C4199-40D7-416E-9E55-485CE13F1821}.Release|Mixed Platforms.Build.0 = Release
		{625C4199-40D7-416E-9E55-485CE13F1821}.Release|x86.ActiveCfg = Release
		{625C4199-40D7-416E-9E55-485CE13F1821}.Release|x86.Build.0 = Release
		{AFCFF38B-0077-43DD-AC90-5202042CA53D}.Debug|Any CPU.ActiveCfg = Debug|Any CPU
		{AFCFF38B-0077-43DD-AC90-5202042CA53D}.Debug|Any CPU.Build.0 = Debug|Any CPU
		{AFCFF38B-0077-43DD-AC90-5202042CA53D}.Debug|Mixed Platforms.ActiveCfg = Debug|Any CPU
		{AFCFF38B-0077-43DD-AC90-5202042CA53D}.Debug|Mixed Platforms.Build.0 = Debug|Any CPU
		{AFCFF38B-0077-43DD-AC90-5202042CA53D}.Debug|x86.ActiveCfg = Debug|Any CPU
		{AFCFF38B-0077-43DD-AC90-5202042CA53D}.Release|Any CPU.ActiveCfg = Release|Any CPU
		{AFCFF38B-0077-43DD-AC90-5202042CA53D}.Release|Any CPU.Build.0 = Release|Any CPU
		{AFCFF38B-0077-43DD-AC90-5202042CA53D}.Release|Mixed Platforms.ActiveCfg = Release|Any CPU
		{AFCFF38B-0077-43DD-AC90-5202042CA53D}.Release|Mixed Platforms.Build.0 = Release|Any CPU
		{AFCFF38B-0077-43DD-AC90-5202042CA53D}.Release|x86.ActiveCfg = Release|Any CPU
		{A8ACEAA3-7364-4588-9FA1-EC1260562186}.Debug|Any CPU.ActiveCfg = Debug|Any CPU
		{A8ACEAA3-7364-4588-9FA1-EC1260562186}.Debug|Any CPU.Build.0 = Debug|Any CPU
		{A8ACEAA3-7364-4588-9FA1-EC1260562186}.Debug|Mixed Platforms.ActiveCfg = Debug|Any CPU
		{A8ACEAA3-7364-4588-9FA1-EC1260562186}.Debug|Mixed Platforms.Build.0 = Debug|Any CPU
		{A8ACEAA3-7364-4588-9FA1-EC1260562186}.Debug|x86.ActiveCfg = Debug|Any CPU
		{A8ACEAA3-7364-4588-9FA1-EC1260562186}.Release|Any CPU.ActiveCfg = Release|Any CPU
		{A8ACEAA3-7364-4588-9FA1-EC1260562186}.Release|Any CPU.Build.0 = Release|Any CPU
		{A8ACEAA3-7364-4588-9FA1-EC1260562186}.Release|Mixed Platforms.ActiveCfg = Release|Any CPU
		{A8ACEAA3-7364-4588-9FA1-EC1260562186}.Release|Mixed Platforms.Build.0 = Release|Any CPU
		{A8ACEAA3-7364-4588-9FA1-EC1260562186}.Release|x86.ActiveCfg = Release|Any CPU
		{91AF3F10-6DAB-4E33-ACF0-B3C1E1C6E19A}.Debug|Any CPU.ActiveCfg = Debug|Any CPU
		{91AF3F10-6DAB-4E33-ACF0-B3C1E1C6E19A}.Debug|Any CPU.Build.0 = Debug|Any CPU
		{91AF3F10-6DAB-4E33-ACF0-B3C1E1C6E19A}.Debug|Mixed Platforms.ActiveCfg = Debug|Any CPU
		{91AF3F10-6DAB-4E33-ACF0-B3C1E1C6E19A}.Debug|Mixed Platforms.Build.0 = Debug|Any CPU
		{91AF3F10-6DAB-4E33-ACF0-B3C1E1C6E19A}.Debug|x86.ActiveCfg = Debug|Any CPU
		{91AF3F10-6DAB-4E33-ACF0-B3C1E1C6E19A}.Release|Any CPU.ActiveCfg = Release|Any CPU
		{91AF3F10-6DAB-4E33-ACF0-B3C1E1C6E19A}.Release|Any CPU.Build.0 = Release|Any CPU
		{91AF3F10-6DAB-4E33-ACF0-B3C1E1C6E19A}.Release|Mixed Platforms.ActiveCfg = Release|Any CPU
		{91AF3F10-6DAB-4E33-ACF0-B3C1E1C6E19A}.Release|Mixed Platforms.Build.0 = Release|Any CPU
		{91AF3F10-6DAB-4E33-ACF0-B3C1E1C6E19A}.Release|x86.ActiveCfg = Release|Any CPU
		{474BAEA0-6035-4EF7-8E1E-AB0D7DF27458}.Debug|Any CPU.ActiveCfg = Debug|Any CPU
		{474BAEA0-6035-4EF7-8E1E-AB0D7DF27458}.Debug|Any CPU.Build.0 = Debug|Any CPU
		{474BAEA0-6035-4EF7-8E1E-AB0D7DF27458}.Debug|Mixed Platforms.ActiveCfg = Debug|Any CPU
		{474BAEA0-6035-4EF7-8E1E-AB0D7DF27458}.Debug|Mixed Platforms.Build.0 = Debug|Any CPU
		{474BAEA0-6035-4EF7-8E1E-AB0D7DF27458}.Debug|x86.ActiveCfg = Debug|Any CPU
		{474BAEA0-6035-4EF7-8E1E-AB0D7DF27458}.Release|Any CPU.ActiveCfg = Release|Any CPU
		{474BAEA0-6035-4EF7-8E1E-AB0D7DF27458}.Release|Any CPU.Build.0 = Release|Any CPU
		{474BAEA0-6035-4EF7-8E1E-AB0D7DF27458}.Release|Mixed Platforms.ActiveCfg = Release|Any CPU
		{474BAEA0-6035-4EF7-8E1E-AB0D7DF27458}.Release|Mixed Platforms.Build.0 = Release|Any CPU
		{474BAEA0-6035-4EF7-8E1E-AB0D7DF27458}.Release|x86.ActiveCfg = Release|Any CPU
		{58E7249C-BA47-47EA-A5F0-63E5EB249F4A}.Debug|Any CPU.ActiveCfg = Debug|Any CPU
		{58E7249C-BA47-47EA-A5F0-63E5EB249F4A}.Debug|Any CPU.Build.0 = Debug|Any CPU
		{58E7249C-BA47-47EA-A5F0-63E5EB249F4A}.Debug|Mixed Platforms.ActiveCfg = Debug|Any CPU
		{58E7249C-BA47-47EA-A5F0-63E5EB249F4A}.Debug|Mixed Platforms.Build.0 = Debug|Any CPU
		{58E7249C-BA47-47EA-A5F0-63E5EB249F4A}.Debug|x86.ActiveCfg = Debug|Any CPU
		{58E7249C-BA47-47EA-A5F0-63E5EB249F4A}.Release|Any CPU.ActiveCfg = Release|Any CPU
		{58E7249C-BA47-47EA-A5F0-63E5EB249F4A}.Release|Any CPU.Build.0 = Release|Any CPU
		{58E7249C-BA47-47EA-A5F0-63E5EB249F4A}.Release|Mixed Platforms.ActiveCfg = Release|Any CPU
		{58E7249C-BA47-47EA-A5F0-63E5EB249F4A}.Release|Mixed Platforms.Build.0 = Release|Any CPU
		{58E7249C-BA47-47EA-A5F0-63E5EB249F4A}.Release|x86.ActiveCfg = Release|Any CPU
		{1FAA5F66-CEEA-4F5F-A7F4-7A1491C58B18}.Debug|Any CPU.ActiveCfg = Debug|x86
		{1FAA5F66-CEEA-4F5F-A7F4-7A1491C58B18}.Debug|Mixed Platforms.ActiveCfg = Debug|x86
		{1FAA5F66-CEEA-4F5F-A7F4-7A1491C58B18}.Debug|Mixed Platforms.Build.0 = Debug|x86
		{1FAA5F66-CEEA-4F5F-A7F4-7A1491C58B18}.Debug|x86.ActiveCfg = Debug|x86
		{1FAA5F66-CEEA-4F5F-A7F4-7A1491C58B18}.Debug|x86.Build.0 = Debug|x86
		{1FAA5F66-CEEA-4F5F-A7F4-7A1491C58B18}.Release|Any CPU.ActiveCfg = Release|x86
		{1FAA5F66-CEEA-4F5F-A7F4-7A1491C58B18}.Release|Mixed Platforms.ActiveCfg = Release|x86
		{1FAA5F66-CEEA-4F5F-A7F4-7A1491C58B18}.Release|Mixed Platforms.Build.0 = Release|x86
		{1FAA5F66-CEEA-4F5F-A7F4-7A1491C58B18}.Release|x86.ActiveCfg = Release|x86
		{1FAA5F66-CEEA-4F5F-A7F4-7A1491C58B18}.Release|x86.Build.0 = Release|x86
	EndGlobalSection
	GlobalSection(SolutionProperties) = preSolution
		HideSolutionNode = FALSE
	EndGlobalSection
	GlobalSection(NestedProjects) = preSolution
		{CD06826B-4E40-4876-BA12-C64421BF411D} = {072A34BB-CBB5-475B-A51F-3444FE8A090D}
		{3C990C9F-92B6-4D68-9792-DABE0D138D45} = {072A34BB-CBB5-475B-A51F-3444FE8A090D}
		{6A1F11D9-69C8-42DF-A477-4627B81EE65C} = {072A34BB-CBB5-475B-A51F-3444FE8A090D}
		{F28566AF-91FA-4BED-A160-779714F6A3FA} = {072A34BB-CBB5-475B-A51F-3444FE8A090D}
		{FE66CAA2-FFD5-4E02-AB84-2D70003394F0} = {072A34BB-CBB5-475B-A51F-3444FE8A090D}
		{70CD0626-6F03-46AA-BF32-83CEFBEEEC4C} = {072A34BB-CBB5-475B-A51F-3444FE8A090D}
		{661F6D20-5F07-4553-827D-7BCA63145042} = {072A34BB-CBB5-475B-A51F-3444FE8A090D}
		{0348BC0E-9697-4373-AE16-CAFA2ABD8775} = {072A34BB-CBB5-475B-A51F-3444FE8A090D}
		{538A725A-86CA-4DFA-A4E8-A2B136BD0E4E} = {072A34BB-CBB5-475B-A51F-3444FE8A090D}
		{B00DC8ED-9769-4C28-B9F1-CE3681E6AA91} = {072A34BB-CBB5-475B-A51F-3444FE8A090D}
		{2052AEE0-6955-47F6-878D-C024B38180A9} = {072A34BB-CBB5-475B-A51F-3444FE8A090D}
		{652BD683-61DE-46D1-8905-18B0CADA30AE} = {072A34BB-CBB5-475B-A51F-3444FE8A090D}
		{3791A38D-52EB-4F00-B9C9-CE07D996765D} = {072A34BB-CBB5-475B-A51F-3444FE8A090D}
		{162C875C-E515-44D5-B9B5-8D9999079376} = {072A34BB-CBB5-475B-A51F-3444FE8A090D}
		{30033311-588E-467E-8B0E-80A3E1E82D05} = {072A34BB-CBB5-475B-A51F-3444FE8A090D}
		{AFCFF38B-0077-43DD-AC90-5202042CA53D} = {072A34BB-CBB5-475B-A51F-3444FE8A090D}
		{7C68EF5B-5CF2-4669-8CB0-9CF52C5A2E9A} = {5F95C9F5-3D3E-4B51-9EEC-FAE0B2B2A11E}
		{625C4199-40D7-416E-9E55-485CE13F1821} = {5F95C9F5-3D3E-4B51-9EEC-FAE0B2B2A11E}
		{91AF3F10-6DAB-4E33-ACF0-B3C1E1C6E19A} = {4EDCC325-AF5F-4E3E-993B-4C10A87F096C}
		{474BAEA0-6035-4EF7-8E1E-AB0D7DF27458} = {4EDCC325-AF5F-4E3E-993B-4C10A87F096C}
		{58E7249C-BA47-47EA-A5F0-63E5EB249F4A} = {4EDCC325-AF5F-4E3E-993B-4C10A87F096C}
		{1FAA5F66-CEEA-4F5F-A7F4-7A1491C58B18} = {4EDCC325-AF5F-4E3E-993B-4C10A87F096C}
		{A8ACEAA3-7364-4588-9FA1-EC1260562186} = {1664CB79-DB3E-42DE-9066-FB63F1627D31}
	EndGlobalSection
EndGlobal
